{
  "name": "dsh-desktop-deb-workshop",
  "version": "1.0.0",
  "lockfileVersion": 3,
  "requires": true,
  "packages": {
    "": {
      "name": "dsh-desktop-deb-workshop",
      "version": "1.0.0",
      "dependencies": {
        "fflate": "^0.8.3",
        "pnpm": "10.34.5"
      }
    },
    "node_modules/fflate": {
      "version": "0.8.3",
      "resolved": "https://registry.npmjs.org/fflate/-/fflate-0.8.3.tgz",
      "integrity": "sha512-tbZNuJrLwGUp3zshBtdy4W+ORxZuIh8a5ilyIEQDC5rY1f3U20JMry0Ll3WBzU58EZKsEuJFXhb5gwv8CsPvgA==",
      "license": "MIT"
    },
    "node_modules/pnpm": {
      "version": "10.34.5",
      "resolved": "https://registry.npmjs.org/pnpm/-/pnpm-10.34.5.tgz",
      "integrity": "sha512-pO4F8vc2WCVb1qiYWcBlpFwopX2u+uLIk6Fo7itzFow3uR6D5X6mdlStA/AwMXRkMOi84442LgQmBfuKvIAZLg==",
      "license": "MIT",
      "bin": {
        "pnpm": "bin/pnpm.cjs",
        "pnpx": "bin/pnpx.cjs"
      },
      "engines": {
        "node": ">=18.12"
      },
      "funding": {
        "url": "https://opencollective.com/pnpm"
      }
    }
  }
}
